<?xml version="1.0" encoding="utf-8"?>
<Project ToolsVersion="4.0" xmlns="http://schemas.microsoft.com/developer/msbuild/2003">
  <ItemGroup>
    <Filter Include="lib">
      <UniqueIdentifier>{93995380-89BD-4b04-88EB-625FBE52EBFB}</UniqueIdentifier>
      <Extensions>h;hh;hpp;hxx;hm;inl;inc;xsd</Extensions>
    </Filter>
    <Filter Include="src">
      <UniqueIdentifier>{4FC737F1-C7A5-4376-A066-2A32D752A2FF}</UniqueIdentifier>
      <Extensions>cpp;c;cc;cxx;def;odl;idl;hpj;bat;asm;asmx</Extensions>
    </Filter>
    <Filter Include="lib\imgui">
      <UniqueIdentifier>{a9226a73-2669-490d-8386-54c79626580b}</UniqueIdentifier>
    </Filter>
    <Filter Include="lib\stb">
      <UniqueIdentifier>{166baefe-6700-4895-980f-e4e3452cec0f}</UniqueIdentifier>
    </Filter>
    <Filter Include="src\system">
      <UniqueIdentifier>{c917cf15-a0e0-493e-af85-3bcf96acc293}</UniqueIdentifier>
    </Filter>
    <Filter Include="src\renderer">
      <UniqueIdentifier>{82c69856-7962-4063-a7f8-6d9a1ae76bb6}</UniqueIdentifier>
    </Filter>
    <Filter Include="src\camera">
      <UniqueIdentifier>{488fef5a-cee5-41d0-9d76-bf51549b2baa}</UniqueIdentifier>
    </Filter>
  </ItemGroup>
  <ItemGroup>
    <ClCompile Include="src\main.cpp">
      <Filter>src</Filter>
    </ClCompile>
    <ClCompile Include="lib\imgui\imgui.cpp">
      <Filter>lib\imgui</Filter>
    </ClCompile>
    <ClCompile Include="lib\imgui\imgui_demo.cpp">
      <Filter>lib\imgui</Filter>
    </ClCompile>
    <ClCompile Include="lib\imgui\imgui_draw.cpp">
      <Filter>lib\imgui</Filter>
    </ClCompile>
    <ClCompile Include="src\system\sysMain.cpp">
      <Filter>src\system</Filter>
    </ClCompile>
    <ClCompile Include="src\system\sysImgui.cpp">
      <Filter>src\system</Filter>
    </ClCompile>
    <ClCompile Include="src\renderer\raymarchingRenderer.cpp">
      <Filter>src\renderer</Filter>
    </ClCompile>
    <ClCompile Include="src\camera\mouseCamera.cpp">
      <Filter>src\camera</Filter>
    </ClCompile>
  </ItemGroup>
  <ItemGroup>
    <ClInclude Include="src\define.h">
      <Filter>src</Filter>
    </ClInclude>
    <ClInclude Include="lib\imgui\imconfig.h">
      <Filter>lib\imgui</Filter>
    </ClInclude>
    <ClInclude Include="lib\imgui\imgui.h">
      <Filter>lib\imgui</Filter>
    </ClInclude>
    <ClInclude Include="lib\imgui\imgui_internal.h">
      <Filter>lib\imgui</Filter>
    </ClInclude>
    <ClInclude Include="lib\stb\stb_rect_pack.h">
      <Filter>lib\stb</Filter>
    </ClInclude>
    <ClInclude Include="lib\stb\stb_textedit.h">
      <Filter>lib\stb</Filter>
    </ClInclude>
    <ClInclude Include="lib\stb\stb_truetype.h">
      <Filter>lib\stb</Filter>
    </ClInclude>
    <ClInclude Include="src\system\sysMain.h">
      <Filter>src\system</Filter>
    </ClInclude>
    <ClInclude Include="src\system\sysImgui.h">
      <Filter>src\system</Filter>
    </ClInclude>
    <ClInclude Include="src\renderer\raymarchingRenderer.h">
      <Filter>src\renderer</Filter>
    </ClInclude>
    <ClInclude Include="src\camera\mouseCamera.h">
      <Filter>src\camera</Filter>
    </ClInclude>
  </ItemGroup>
</Project>